
Microsoft Visual Studio Solution File, Format Version 12.00
# Visual Studio 15
VisualStudioVersion = 15.0.28307.1259
MinimumVisualStudioVersion = 10.0.40219.1
Project("{FAE04EC0-301F-11D3-BF4B-00C04F79EFBC}") = "DatabaseSync", "DatabaseSync\DatabaseSync.csproj", "{B96C47C4-CE90-452D-B3E3-F7B56A061336}"
EndProject
Global
	GlobalSection(SolutionConfigurationPlatforms) = preSolution
		Debug|Any CPU = Debug|Any CPU
		Release|Any CPU = Release|Any CPU
	EndGlobalSection
	GlobalSection(ProjectConfigurationPlatforms) = postSolution
		{B96C47C4-CE90-452D-B3E3-F7B56A061336}.Debug|Any CPU.ActiveCfg = Debug|Any CPU
		{B96C47C4-CE90-452D-B3E3-F7B56A061336}.Debug|Any CPU.Build.0 = Debug|Any CPU
		{B96C47C4-CE90-452D-B3E3-F7B56A061336}.Release|Any CPU.ActiveCfg = Release|Any CPU
		{B96C47C4-CE90-452D-B3E3-F7B56A061336}.Release|Any CPU.Build.0 = Release|Any CPU
	EndGlobalSection
	GlobalSection(SolutionProperties) = preSolution
		HideSolutionNode = FALSE
	EndGlobalSection
	GlobalSection(ExtensibilityGlobals) = postSolution
		SolutionGuid = {BBF98573-E064-4D8D-B071-FF787C988022}
	EndGlobalSection
EndGlobal
